
Microsoft Visual Studio Solution File, Format Version 11.00
# Visual Studio 2010
Project("{FAE04EC0-301F-11D3-BF4B-00C04F79EFBC}") = "IsBinarySearchTree", "IsBinarySearchTree\IsBinarySearchTree.csproj", "{DF65FDFA-85C4-420A-9608-9FD869924B9E}"
EndProject
Project("{FAE04EC0-301F-11D3-BF4B-00C04F79EFBC}") = "UnitTest", "UnitTest\UnitTest.csproj", "{A2213FF2-0FD2-4E5D-9D3B-7E83F6DFFF0F}"
EndProject
Global
	GlobalSection(SolutionConfigurationPlatforms) = preSolution
		Debug|x86 = Debug|x86
		Release|x86 = Release|x86
	EndGlobalSection
	GlobalSection(ProjectConfigurationPlatforms) = postSolution
		{A2213FF2-0FD2-4E5D-9D3B-7E83F6DFFF0F}.Debug|x86.ActiveCfg = Debug|Any CPU
		{A2213FF2-0FD2-4E5D-9D3B-7E83F6DFFF0F}.Debug|x86.Build.0 = Debug|Any CPU
		{A2213FF2-0FD2-4E5D-9D3B-7E83F6DFFF0F}.Release|x86.ActiveCfg = Release|Any CPU
		{A2213FF2-0FD2-4E5D-9D3B-7E83F6DFFF0F}.Release|x86.Build.0 = Release|Any CPU
		{DF65FDFA-85C4-420A-9608-9FD869924B9E}.Debug|x86.ActiveCfg = Debug|x86
		{DF65FDFA-85C4-420A-9608-9FD869924B9E}.Debug|x86.Build.0 = Debug|x86
		{DF65FDFA-85C4-420A-9608-9FD869924B9E}.Release|x86.ActiveCfg = Release|x86
		{DF65FDFA-85C4-420A-9608-9FD869924B9E}.Release|x86.Build.0 = Release|x86
	EndGlobalSection
	GlobalSection(MonoDevelopProperties) = preSolution
		StartupItem = IsBinarySearchTree\IsBinarySearchTree.csproj
	EndGlobalSection
EndGlobal
