
Microsoft Visual Studio Solution File, Format Version 11.00
# Visual Studio 2010
Project("{FAE04EC0-301F-11D3-BF4B-00C04F79EFBC}") = "MergeLinkedList", "MergeLinkedList\MergeLinkedList.csproj", "{2944CFD9-FCC7-41A4-B789-85BD56FC5428}"
EndProject
Global
	GlobalSection(SolutionConfigurationPlatforms) = preSolution
		Debug|x86 = Debug|x86
		Release|x86 = Release|x86
	EndGlobalSection
	GlobalSection(ProjectConfigurationPlatforms) = postSolution
		{2944CFD9-FCC7-41A4-B789-85BD56FC5428}.Debug|x86.ActiveCfg = Debug|x86
		{2944CFD9-FCC7-41A4-B789-85BD56FC5428}.Debug|x86.Build.0 = Debug|x86
		{2944CFD9-FCC7-41A4-B789-85BD56FC5428}.Release|x86.ActiveCfg = Release|x86
		{2944CFD9-FCC7-41A4-B789-85BD56FC5428}.Release|x86.Build.0 = Release|x86
	EndGlobalSection
	GlobalSection(MonoDevelopProperties) = preSolution
		StartupItem = MergeLinkedList\MergeLinkedList.csproj
	EndGlobalSection
EndGlobal
